
Microsoft Visual Studio Solution File, Format Version 12.00
# Visual Studio Version 16
VisualStudioVersion = 16.0.31624.102
MinimumVisualStudioVersion = 10.0.40219.1
Project("{FAE04EC0-301F-11D3-BF4B-00C04F79EFBC}") = "InAndOut", "InAndOut\InAndOut.csproj", "{3939DC55-E8F3-4417-B63A-FC5740F2061E}"
EndProject
Global
	GlobalSection(SolutionConfigurationPlatforms) = preSolution
		Debug|Any CPU = Debug|Any CPU
		Release|Any CPU = Release|Any CPU
	EndGlobalSection
	GlobalSection(ProjectConfigurationPlatforms) = postSolution
		{3939DC55-E8F3-4417-B63A-FC5740F2061E}.Debug|Any CPU.ActiveCfg = Debug|Any CPU
		{3939DC55-E8F3-4417-B63A-FC5740F2061E}.Debug|Any CPU.Build.0 = Debug|Any CPU
		{3939DC55-E8F3-4417-B63A-FC5740F2061E}.Release|Any CPU.ActiveCfg = Release|Any CPU
		{3939DC55-E8F3-4417-B63A-FC5740F2061E}.Release|Any CPU.Build.0 = Release|Any CPU
	EndGlobalSection
	GlobalSection(SolutionProperties) = preSolution
		HideSolutionNode = FALSE
	EndGlobalSection
	GlobalSection(ExtensibilityGlobals) = postSolution
		SolutionGuid = {74B4ABA7-378E-4812-9D7B-171445004DD2}
	EndGlobalSection
EndGlobal
